
Microsoft Visual Studio Solution File, Format Version 12.00
# Visual Studio Version 17
VisualStudioVersion = 17.5.002.0
MinimumVisualStudioVersion = 10.0.40219.1
Project("{2150E333-8FDC-42A3-9474-1A3956D46DE8}") = "csharp-prep", "csharp-prep", "{12504E94-4B83-403B-9799-8F662D993390}"
EndProject
Project("{9A19103F-16F7-4668-BE54-9A1E7A4F7556}") = "Prep1", "csharp-prep\Prep1\Prep1.csproj", "{EC5E7E25-5ACE-428D-B592-FC375B0C7320}"
EndProject
Project("{9A19103F-16F7-4668-BE54-9A1E7A4F7556}") = "Prep2", "csharp-prep\Prep2\Prep2.csproj", "{7E2F37E2-6BAE-4954-988E-DDB656819324}"
EndProject
Project("{9A19103F-16F7-4668-BE54-9A1E7A4F7556}") = "Prep3", "csharp-prep\Prep3\Prep3.csproj", "{89027DCE-F3C8-4882-9CF9-D7EF99B01CC0}"
EndProject
Project("{9A19103F-16F7-4668-BE54-9A1E7A4F7556}") = "Prep4", "csharp-prep\Prep4\Prep4.csproj", "{74F301F0-F5E4-40A3-9AA5-53C60682BA24}"
EndProject
Project("{9A19103F-16F7-4668-BE54-9A1E7A4F7556}") = "Prep5", "csharp-prep\Prep5\Prep5.csproj", "{99AE80AF-8E69-4F0F-B2CD-2FEF26F888C7}"
EndProject
Project("{2150E333-8FDC-42A3-9474-1A3956D46DE8}") = "final", "final", "{DCBCBA22-7169-4633-9F75-9EF47902B044}"
EndProject
Project("{9A19103F-16F7-4668-BE54-9A1E7A4F7556}") = "FinalProject", "final\FinalProject\FinalProject.csproj", "{A424CA72-4AA7-4838-841C-BF5B5E3A3432}"
EndProject
Project("{9A19103F-16F7-4668-BE54-9A1E7A4F7556}") = "Foundation1", "final\Foundation1\Foundation1.csproj", "{39622933-0FFB-4EF6-9D7A-9B572030C3DB}"
EndProject
Project("{9A19103F-16F7-4668-BE54-9A1E7A4F7556}") = "Foundation2", "final\Foundation2\Foundation2.csproj", "{6CC49D69-0C67-4821-9BAF-2AFA27E5C022}"
EndProject
Project("{9A19103F-16F7-4668-BE54-9A1E7A4F7556}") = "Foundation3", "final\Foundation3\Foundation3.csproj", "{56F4E1FA-F706-43A6-B021-862EF9E38CDF}"
EndProject
Project("{9A19103F-16F7-4668-BE54-9A1E7A4F7556}") = "Foundation4", "final\Foundation4\Foundation4.csproj", "{3A70DD94-BB8A-4F31-8867-75BE4BBA005A}"
EndProject
Project("{2150E333-8FDC-42A3-9474-1A3956D46DE8}") = "prepare", "prepare", "{52C5AF0B-D438-42E7-B48E-41FD9267BB2A}"
EndProject
Project("{9A19103F-16F7-4668-BE54-9A1E7A4F7556}") = "Learning02", "prepare\Learning02\Learning02.csproj", "{F55946CA-284D-4508-8CE4-FC193307F524}"
EndProject
Project("{9A19103F-16F7-4668-BE54-9A1E7A4F7556}") = "Learning03", "prepare\Learning03\Learning03.csproj", "{B69BD501-40E3-44A2-B2F6-8797765C6EAE}"
EndProject
Project("{9A19103F-16F7-4668-BE54-9A1E7A4F7556}") = "Learning04", "prepare\Learning04\Learning04.csproj", "{F5A289DB-6997-4447-BE58-53FBAA1075FC}"
EndProject
Project("{9A19103F-16F7-4668-BE54-9A1E7A4F7556}") = "Learning05", "prepare\Learning05\Learning05.csproj", "{00E615C9-54CF-4727-8C75-B0B530D9A770}"
EndProject
Project("{2150E333-8FDC-42A3-9474-1A3956D46DE8}") = "prove", "prove", "{3A2F24B1-A1DE-4EB7-A1E2-13F847DFDB38}"
EndProject
Project("{9A19103F-16F7-4668-BE54-9A1E7A4F7556}") = "Develop02", "prove\Develop02\Develop02.csproj", "{21055483-7D74-4C67-8413-55AFBCDF4233}"
EndProject
Project("{9A19103F-16F7-4668-BE54-9A1E7A4F7556}") = "Develop03", "prove\Develop03\Develop03.csproj", "{8B9A5595-28B0-4E77-957E-D3C112BADD9F}"
EndProject
Project("{9A19103F-16F7-4668-BE54-9A1E7A4F7556}") = "Develop04", "prove\Develop04\Develop04.csproj", "{249A8178-F789-463B-B419-5C1BEA50D00A}"
EndProject
Project("{9A19103F-16F7-4668-BE54-9A1E7A4F7556}") = "Develop05", "prove\Develop05\Develop05.csproj", "{129E5DDD-1B2D-4DA0-AB48-A4621E931779}"
EndProject
Project("{2150E333-8FDC-42A3-9474-1A3956D46DE8}") = "sandbox", "sandbox", "{BFABB9CF-075D-46B5-9F7E-1B8AFB0CCB75}"
EndProject
Project("{9A19103F-16F7-4668-BE54-9A1E7A4F7556}") = "Sandbox", "sandbox\Sandbox\Sandbox.csproj", "{AE33538C-9424-4F87-94C6-60E7D8CDF213}"
EndProject
Global
	GlobalSection(SolutionConfigurationPlatforms) = preSolution
		Debug|Any CPU = Debug|Any CPU
		Release|Any CPU = Release|Any CPU
	EndGlobalSection
	GlobalSection(ProjectConfigurationPlatforms) = postSolution
		{EC5E7E25-5ACE-428D-B592-FC375B0C7320}.Debug|Any CPU.ActiveCfg = Debug|Any CPU
		{EC5E7E25-5ACE-428D-B592-FC375B0C7320}.Debug|Any CPU.Build.0 = Debug|Any CPU
		{EC5E7E25-5ACE-428D-B592-FC375B0C7320}.Release|Any CPU.ActiveCfg = Release|Any CPU
		{EC5E7E25-5ACE-428D-B592-FC375B0C7320}.Release|Any CPU.Build.0 = Release|Any CPU
		{7E2F37E2-6BAE-4954-988E-DDB656819324}.Debug|Any CPU.ActiveCfg = Debug|Any CPU
		{7E2F37E2-6BAE-4954-988E-DDB656819324}.Debug|Any CPU.Build.0 = Debug|Any CPU
		{7E2F37E2-6BAE-4954-988E-DDB656819324}.Release|Any CPU.ActiveCfg = Release|Any CPU
		{7E2F37E2-6BAE-4954-988E-DDB656819324}.Release|Any CPU.Build.0 = Release|Any CPU
		{89027DCE-F3C8-4882-9CF9-D7EF99B01CC0}.Debug|Any CPU.ActiveCfg = Debug|Any CPU
		{89027DCE-F3C8-4882-9CF9-D7EF99B01CC0}.Debug|Any CPU.Build.0 = Debug|Any CPU
		{89027DCE-F3C8-4882-9CF9-D7EF99B01CC0}.Release|Any CPU.ActiveCfg = Release|Any CPU
		{89027DCE-F3C8-4882-9CF9-D7EF99B01CC0}.Release|Any CPU.Build.0 = Release|Any CPU
		{74F301F0-F5E4-40A3-9AA5-53C60682BA24}.Debug|Any CPU.ActiveCfg = Debug|Any CPU
		{74F301F0-F5E4-40A3-9AA5-53C60682BA24}.Debug|Any CPU.Build.0 = Debug|Any CPU
		{74F301F0-F5E4-40A3-9AA5-53C60682BA24}.Release|Any CPU.ActiveCfg = Release|Any CPU
		{74F301F0-F5E4-40A3-9AA5-53C60682BA24}.Release|Any CPU.Build.0 = Release|Any CPU
		{99AE80AF-8E69-4F0F-B2CD-2FEF26F888C7}.Debug|Any CPU.ActiveCfg = Debug|Any CPU
		{99AE80AF-8E69-4F0F-B2CD-2FEF26F888C7}.Debug|Any CPU.Build.0 = Debug|Any CPU
		{99AE80AF-8E69-4F0F-B2CD-2FEF26F888C7}.Release|Any CPU.ActiveCfg = Release|Any CPU
		{99AE80AF-8E69-4F0F-B2CD-2FEF26F888C7}.Release|Any CPU.Build.0 = Release|Any CPU
		{A424CA72-4AA7-4838-841C-BF5B5E3A3432}.Debug|Any CPU.ActiveCfg = Debug|Any CPU
		{A424CA72-4AA7-4838-841C-BF5B5E3A3432}.Debug|Any CPU.Build.0 = Debug|Any CPU
		{A424CA72-4AA7-4838-841C-BF5B5E3A3432}.Release|Any CPU.ActiveCfg = Release|Any CPU
		{A424CA72-4AA7-4838-841C-BF5B5E3A3432}.Release|Any CPU.Build.0 = Release|Any CPU
		{39622933-0FFB-4EF6-9D7A-9B572030C3DB}.Debug|Any CPU.ActiveCfg = Debug|Any CPU
		{39622933-0FFB-4EF6-9D7A-9B572030C3DB}.Debug|Any CPU.Build.0 = Debug|Any CPU
		{39622933-0FFB-4EF6-9D7A-9B572030C3DB}.Release|Any CPU.ActiveCfg = Release|Any CPU
		{39622933-0FFB-4EF6-9D7A-9B572030C3DB}.Release|Any CPU.Build.0 = Release|Any CPU
		{6CC49D69-0C67-4821-9BAF-2AFA27E5C022}.Debug|Any CPU.ActiveCfg = Debug|Any CPU
		{6CC49D69-0C67-4821-9BAF-2AFA27E5C022}.Debug|Any CPU.Build.0 = Debug|Any CPU
		{6CC49D69-0C67-4821-9BAF-2AFA27E5C022}.Release|Any CPU.ActiveCfg = Release|Any CPU
		{6CC49D69-0C67-4821-9BAF-2AFA27E5C022}.Release|Any CPU.Build.0 = Release|Any CPU
		{56F4E1FA-F706-43A6-B021-862EF9E38CDF}.Debug|Any CPU.ActiveCfg = Debug|Any CPU
		{56F4E1FA-F706-43A6-B021-862EF9E38CDF}.Debug|Any CPU.Build.0 = Debug|Any CPU
		{56F4E1FA-F706-43A6-B021-862EF9E38CDF}.Release|Any CPU.ActiveCfg = Release|Any CPU
		{56F4E1FA-F706-43A6-B021-862EF9E38CDF}.Release|Any CPU.Build.0 = Release|Any CPU
		{3A70DD94-BB8A-4F31-8867-75BE4BBA005A}.Debug|Any CPU.ActiveCfg = Debug|Any CPU
		{3A70DD94-BB8A-4F31-8867-75BE4BBA005A}.Debug|Any CPU.Build.0 = Debug|Any CPU
		{3A70DD94-BB8A-4F31-8867-75BE4BBA005A}.Release|Any CPU.ActiveCfg = Release|Any CPU
		{3A70DD94-BB8A-4F31-8867-75BE4BBA005A}.Release|Any CPU.Build.0 = Release|Any CPU
		{F55946CA-284D-4508-8CE4-FC193307F524}.Debug|Any CPU.ActiveCfg = Debug|Any CPU
		{F55946CA-284D-4508-8CE4-FC193307F524}.Debug|Any CPU.Build.0 = Debug|Any CPU
		{F55946CA-284D-4508-8CE4-FC193307F524}.Release|Any CPU.ActiveCfg = Release|Any CPU
		{F55946CA-284D-4508-8CE4-FC193307F524}.Release|Any CPU.Build.0 = Release|Any CPU
		{B69BD501-40E3-44A2-B2F6-8797765C6EAE}.Debug|Any CPU.ActiveCfg = Debug|Any CPU
		{B69BD501-40E3-44A2-B2F6-8797765C6EAE}.Debug|Any CPU.Build.0 = Debug|Any CPU
		{B69BD501-40E3-44A2-B2F6-8797765C6EAE}.Release|Any CPU.ActiveCfg = Release|Any CPU
		{B69BD501-40E3-44A2-B2F6-8797765C6EAE}.Release|Any CPU.Build.0 = Release|Any CPU
		{F5A289DB-6997-4447-BE58-53FBAA1075FC}.Debug|Any CPU.ActiveCfg = Debug|Any CPU
		{F5A289DB-6997-4447-BE58-53FBAA1075FC}.Debug|Any CPU.Build.0 = Debug|Any CPU
		{F5A289DB-6997-4447-BE58-53FBAA1075FC}.Release|Any CPU.ActiveCfg = Release|Any CPU
		{F5A289DB-6997-4447-BE58-53FBAA1075FC}.Release|Any CPU.Build.0 = Release|Any CPU
		{00E615C9-54CF-4727-8C75-B0B530D9A770}.Debug|Any CPU.ActiveCfg = Debug|Any CPU
		{00E615C9-54CF-4727-8C75-B0B530D9A770}.Debug|Any CPU.Build.0 = Debug|Any CPU
		{00E615C9-54CF-4727-8C75-B0B530D9A770}.Release|Any CPU.ActiveCfg = Release|Any CPU
		{00E615C9-54CF-4727-8C75-B0B530D9A770}.Release|Any CPU.Build.0 = Release|Any CPU
		{21055483-7D74-4C67-8413-55AFBCDF4233}.Debug|Any CPU.ActiveCfg = Debug|Any CPU
		{21055483-7D74-4C67-8413-55AFBCDF4233}.Debug|Any CPU.Build.0 = Debug|Any CPU
		{21055483-7D74-4C67-8413-55AFBCDF4233}.Release|Any CPU.ActiveCfg = Release|Any CPU
		{21055483-7D74-4C67-8413-55AFBCDF4233}.Release|Any CPU.Build.0 = Release|Any CPU
		{8B9A5595-28B0-4E77-957E-D3C112BADD9F}.Debug|Any CPU.ActiveCfg = Debug|Any CPU
		{8B9A5595-28B0-4E77-957E-D3C112BADD9F}.Debug|Any CPU.Build.0 = Debug|Any CPU
		{8B9A5595-28B0-4E77-957E-D3C112BADD9F}.Release|Any CPU.ActiveCfg = Release|Any CPU
		{8B9A5595-28B0-4E77-957E-D3C112BADD9F}.Release|Any CPU.Build.0 = Release|Any CPU
		{249A8178-F789-463B-B419-5C1BEA50D00A}.Debug|Any CPU.ActiveCfg = Debug|Any CPU
		{249A8178-F789-463B-B419-5C1BEA50D00A}.Debug|Any CPU.Build.0 = Debug|Any CPU
		{249A8178-F789-463B-B419-5C1BEA50D00A}.Release|Any CPU.ActiveCfg = Release|Any CPU
		{249A8178-F789-463B-B419-5C1BEA50D00A}.Release|Any CPU.Build.0 = Release|Any CPU
		{129E5DDD-1B2D-4DA0-AB48-A4621E931779}.Debug|Any CPU.ActiveCfg = Debug|Any CPU
		{129E5DDD-1B2D-4DA0-AB48-A4621E931779}.Debug|Any CPU.Build.0 = Debug|Any CPU
		{129E5DDD-1B2D-4DA0-AB48-A4621E931779}.Release|Any CPU.ActiveCfg = Release|Any CPU
		{129E5DDD-1B2D-4DA0-AB48-A4621E931779}.Release|Any CPU.Build.0 = Release|Any CPU
		{AE33538C-9424-4F87-94C6-60E7D8CDF213}.Debug|Any CPU.ActiveCfg = Debug|Any CPU
		{AE33538C-9424-4F87-94C6-60E7D8CDF213}.Debug|Any CPU.Build.0 = Debug|Any CPU
		{AE33538C-9424-4F87-94C6-60E7D8CDF213}.Release|Any CPU.ActiveCfg = Release|Any CPU
		{AE33538C-9424-4F87-94C6-60E7D8CDF213}.Release|Any CPU.Build.0 = Release|Any CPU
	EndGlobalSection
	GlobalSection(SolutionProperties) = preSolution
		HideSolutionNode = FALSE
	EndGlobalSection
	GlobalSection(NestedProjects) = preSolution
		{EC5E7E25-5ACE-428D-B592-FC375B0C7320} = {12504E94-4B83-403B-9799-8F662D993390}
		{7E2F37E2-6BAE-4954-988E-DDB656819324} = {12504E94-4B83-403B-9799-8F662D993390}
		{89027DCE-F3C8-4882-9CF9-D7EF99B01CC0} = {12504E94-4B83-403B-9799-8F662D993390}
		{74F301F0-F5E4-40A3-9AA5-53C60682BA24} = {12504E94-4B83-403B-9799-8F662D993390}
		{99AE80AF-8E69-4F0F-B2CD-2FEF26F888C7} = {12504E94-4B83-403B-9799-8F662D993390}
		{A424CA72-4AA7-4838-841C-BF5B5E3A3432} = {DCBCBA22-7169-4633-9F75-9EF47902B044}
		{39622933-0FFB-4EF6-9D7A-9B572030C3DB} = {DCBCBA22-7169-4633-9F75-9EF47902B044}
		{6CC49D69-0C67-4821-9BAF-2AFA27E5C022} = {DCBCBA22-7169-4633-9F75-9EF47902B044}
		{56F4E1FA-F706-43A6-B021-862EF9E38CDF} = {DCBCBA22-7169-4633-9F75-9EF47902B044}
		{3A70DD94-BB8A-4F31-8867-75BE4BBA005A} = {DCBCBA22-7169-4633-9F75-9EF47902B044}
		{F55946CA-284D-4508-8CE4-FC193307F524} = {52C5AF0B-D438-42E7-B48E-41FD9267BB2A}
		{B69BD501-40E3-44A2-B2F6-8797765C6EAE} = {52C5AF0B-D438-42E7-B48E-41FD9267BB2A}
		{F5A289DB-6997-4447-BE58-53FBAA1075FC} = {52C5AF0B-D438-42E7-B48E-41FD9267BB2A}
		{00E615C9-54CF-4727-8C75-B0B530D9A770} = {52C5AF0B-D438-42E7-B48E-41FD9267BB2A}
		{21055483-7D74-4C67-8413-55AFBCDF4233} = {3A2F24B1-A1DE-4EB7-A1E2-13F847DFDB38}
		{8B9A5595-28B0-4E77-957E-D3C112BADD9F} = {3A2F24B1-A1DE-4EB7-A1E2-13F847DFDB38}
		{249A8178-F789-463B-B419-5C1BEA50D00A} = {3A2F24B1-A1DE-4EB7-A1E2-13F847DFDB38}
		{129E5DDD-1B2D-4DA0-AB48-A4621E931779} = {3A2F24B1-A1DE-4EB7-A1E2-13F847DFDB38}
		{AE33538C-9424-4F87-94C6-60E7D8CDF213} = {BFABB9CF-075D-46B5-9F7E-1B8AFB0CCB75}
	EndGlobalSection
	GlobalSection(ExtensibilityGlobals) = postSolution
		SolutionGuid = {026D1A0A-A257-4995-82E1-A23261EE087F}
	EndGlobalSection
EndGlobal
